
Microsoft Visual Studio Solution File, Format Version 12.00
# Visual Studio Version 17
VisualStudioVersion = 17.6.33723.286
MinimumVisualStudioVersion = 10.0.40219.1
Project("{FAE04EC0-301F-11D3-BF4B-00C04F79EFBC}") = "WindowsFormsApp2", "WindowsFormsApp2\WindowsFormsApp2.csproj", "{263A5D1A-8AB1-4225-A03D-3C01287D1079}"
EndProject
Global
	GlobalSection(SolutionConfigurationPlatforms) = preSolution
		Debug|Any CPU = Debug|Any CPU
		Release|Any CPU = Release|Any CPU
	EndGlobalSection
	GlobalSection(ProjectConfigurationPlatforms) = postSolution
		{263A5D1A-8AB1-4225-A03D-3C01287D1079}.Debug|Any CPU.ActiveCfg = Debug|Any CPU
		{263A5D1A-8AB1-4225-A03D-3C01287D1079}.Debug|Any CPU.Build.0 = Debug|Any CPU
		{263A5D1A-8AB1-4225-A03D-3C01287D1079}.Release|Any CPU.ActiveCfg = Release|Any CPU
		{263A5D1A-8AB1-4225-A03D-3C01287D1079}.Release|Any CPU.Build.0 = Release|Any CPU
	EndGlobalSection
	GlobalSection(SolutionProperties) = preSolution
		HideSolutionNode = FALSE
	EndGlobalSection
	GlobalSection(ExtensibilityGlobals) = postSolution
		SolutionGuid = {A45F497F-5ED4-4FE4-90DA-3615CC792C68}
	EndGlobalSection
EndGlobal
